
Microsoft Visual Studio Solution File, Format Version 12.00
# Visual Studio Version 17
VisualStudioVersion = 17.3.32825.248
MinimumVisualStudioVersion = 10.0.40219.1
Project("{FAE04EC0-301F-11D3-BF4B-00C04F79EFBC}") = "Строки 1", "Строки 1\Строки 1.csproj", "{0CF8FF46-A89A-4AA0-AB57-7AA231C6331C}"
EndProject
Global
	GlobalSection(SolutionConfigurationPlatforms) = preSolution
		Debug|Any CPU = Debug|Any CPU
		Release|Any CPU = Release|Any CPU
	EndGlobalSection
	GlobalSection(ProjectConfigurationPlatforms) = postSolution
		{0CF8FF46-A89A-4AA0-AB57-7AA231C6331C}.Debug|Any CPU.ActiveCfg = Debug|Any CPU
		{0CF8FF46-A89A-4AA0-AB57-7AA231C6331C}.Debug|Any CPU.Build.0 = Debug|Any CPU
		{0CF8FF46-A89A-4AA0-AB57-7AA231C6331C}.Release|Any CPU.ActiveCfg = Release|Any CPU
		{0CF8FF46-A89A-4AA0-AB57-7AA231C6331C}.Release|Any CPU.Build.0 = Release|Any CPU
	EndGlobalSection
	GlobalSection(SolutionProperties) = preSolution
		HideSolutionNode = FALSE
	EndGlobalSection
	GlobalSection(ExtensibilityGlobals) = postSolution
		SolutionGuid = {7C5C8598-7966-45C6-B58B-2CAF895F96BE}
	EndGlobalSection
EndGlobal
